// !$*UTF8*$!
{
	archiveVersion = 1;
	classes = {
	};
	objectVersion = 46;
	objects = {

/* Begin PBXBuildFile section */
		74D5A5201C9DE1F800FE1F47 /* BufDesc.cpp in Sources */ = {isa = PBXBuildFile; fileRef = 74D5A51E1C9DE1F800FE1F47 /* BufDesc.cpp */; };
/* End PBXBuildFile section */

/* Begin PBXCopyFilesBuildPhase section */
		74D5A4E21C9DD93900FE1F47 /* CopyFiles */ = {
			isa = PBXCopyFilesBuildPhase;
			buildActionMask = 2147483647;
			dstPath = /usr/share/man/man1/;
			dstSubfolderSpec = 0;
			files = (
			);
			runOnlyForDeploymentPostprocessing = 1;
		};
/* End PBXCopyFilesBuildPhase section */

/* Begin PBXFileReference section */
		74D5A4E41C9DD93900FE1F47 /* dbP3 */ = {isa = PBXFileReference; explicitFileType = "compiled.mach-o.executable"; includeInIndex = 0; path = dbP3; sourceTree = BUILT_PRODUCTS_DIR; };
		74D5A4EF1C9DD9AF00FE1F47 /* buffer.cpp */ = {isa = PBXFileReference; lastKnownFileType = sourcecode.cpp.cpp; path = buffer.cpp; sourceTree = "<group>"; };
		74D5A4F01C9DD9AF00FE1F47 /* buffer.h */ = {isa = PBXFileReference; lastKnownFileType = sourcecode.c.h; path = buffer.h; sourceTree = "<group>"; };
		74D5A4F11C9DD9AF00FE1F47 /* bufHashTbl.cpp */ = {isa = PBXFileReference; lastKnownFileType = sourcecode.cpp.cpp; path = bufHashTbl.cpp; sourceTree = "<group>"; };
		74D5A4F21C9DD9AF00FE1F47 /* bufHashTbl.h */ = {isa = PBXFileReference; lastKnownFileType = sourcecode.c.h; path = bufHashTbl.h; sourceTree = "<group>"; };
		74D5A4F31C9DD9AF00FE1F47 /* Contributors */ = {isa = PBXFileReference; lastKnownFileType = text; name = Contributors; path = ../Contributors; sourceTree = "<group>"; };
		74D5A4F51C9DD9AF00FE1F47 /* bad_buffer_exception.cpp */ = {isa = PBXFileReference; lastKnownFileType = sourcecode.cpp.cpp; path = bad_buffer_exception.cpp; sourceTree = "<group>"; };
		74D5A4F61C9DD9AF00FE1F47 /* bad_buffer_exception.h */ = {isa = PBXFileReference; lastKnownFileType = sourcecode.c.h; path = bad_buffer_exception.h; sourceTree = "<group>"; };
		74D5A4F71C9DD9AF00FE1F47 /* badgerdb_exception.cpp */ = {isa = PBXFileReference; lastKnownFileType = sourcecode.cpp.cpp; path = badgerdb_exception.cpp; sourceTree = "<group>"; };
		74D5A4F81C9DD9AF00FE1F47 /* badgerdb_exception.h */ = {isa = PBXFileReference; lastKnownFileType = sourcecode.c.h; path = badgerdb_exception.h; sourceTree = "<group>"; };
		74D5A4F91C9DD9AF00FE1F47 /* buffer_exceeded_exception.cpp */ = {isa = PBXFileReference; lastKnownFileType = sourcecode.cpp.cpp; path = buffer_exceeded_exception.cpp; sourceTree = "<group>"; };
		74D5A4FA1C9DD9AF00FE1F47 /* buffer_exceeded_exception.h */ = {isa = PBXFileReference; lastKnownFileType = sourcecode.c.h; path = buffer_exceeded_exception.h; sourceTree = "<group>"; };
		74D5A4FB1C9DD9AF00FE1F47 /* file_exists_exception.cpp */ = {isa = PBXFileReference; lastKnownFileType = sourcecode.cpp.cpp; path = file_exists_exception.cpp; sourceTree = "<group>"; };
		74D5A4FC1C9DD9AF00FE1F47 /* file_exists_exception.h */ = {isa = PBXFileReference; lastKnownFileType = sourcecode.c.h; path = file_exists_exception.h; sourceTree = "<group>"; };
		74D5A4FD1C9DD9AF00FE1F47 /* file_not_found_exception.cpp */ = {isa = PBXFileReference; lastKnownFileType = sourcecode.cpp.cpp; path = file_not_found_exception.cpp; sourceTree = "<group>"; };
		74D5A4FE1C9DD9AF00FE1F47 /* file_not_found_exception.h */ = {isa = PBXFileReference; lastKnownFileType = sourcecode.c.h; path = file_not_found_exception.h; sourceTree = "<group>"; };
		74D5A4FF1C9DD9AF00FE1F47 /* file_open_exception.cpp */ = {isa = PBXFileReference; lastKnownFileType = sourcecode.cpp.cpp; path = file_open_exception.cpp; sourceTree = "<group>"; };
		74D5A5001C9DD9AF00FE1F47 /* file_open_exception.h */ = {isa = PBXFileReference; lastKnownFileType = sourcecode.c.h; path = file_open_exception.h; sourceTree = "<group>"; };
		74D5A5011C9DD9AF00FE1F47 /* hash_already_present_exception.cpp */ = {isa = PBXFileReference; lastKnownFileType = sourcecode.cpp.cpp; path = hash_already_present_exception.cpp; sourceTree = "<group>"; };
		74D5A5021C9DD9AF00FE1F47 /* hash_already_present_exception.h */ = {isa = PBXFileReference; lastKnownFileType = sourcecode.c.h; path = hash_already_present_exception.h; sourceTree = "<group>"; };
		74D5A5031C9DD9AF00FE1F47 /* hash_not_found_exception.cpp */ = {isa = PBXFileReference; lastKnownFileType = sourcecode.cpp.cpp; path = hash_not_found_exception.cpp; sourceTree = "<group>"; };
		74D5A5041C9DD9AF00FE1F47 /* hash_not_found_exception.h */ = {isa = PBXFileReference; lastKnownFileType = sourcecode.c.h; path = hash_not_found_exception.h; sourceTree = "<group>"; };
		74D5A5051C9DD9AF00FE1F47 /* hash_table_exception.cpp */ = {isa = PBXFileReference; lastKnownFileType = sourcecode.cpp.cpp; path = hash_table_exception.cpp; sourceTree = "<group>"; };
		74D5A5061C9DD9AF00FE1F47 /* hash_table_exception.h */ = {isa = PBXFileReference; lastKnownFileType = sourcecode.c.h; path = hash_table_exception.h; sourceTree = "<group>"; };
		74D5A5071C9DD9AF00FE1F47 /* insufficient_space_exception.cpp */ = {isa = PBXFileReference; lastKnownFileType = sourcecode.cpp.cpp; path = insufficient_space_exception.cpp; sourceTree = "<group>"; };
		74D5A5081C9DD9AF00FE1F47 /* insufficient_space_exception.h */ = {isa = PBXFileReference; lastKnownFileType = sourcecode.c.h; path = insufficient_space_exception.h; sourceTree = "<group>"; };
		74D5A5091C9DD9AF00FE1F47 /* invalid_page_exception.cpp */ = {isa = PBXFileReference; lastKnownFileType = sourcecode.cpp.cpp; path = invalid_page_exception.cpp; sourceTree = "<group>"; };
		74D5A50A1C9DD9AF00FE1F47 /* invalid_page_exception.h */ = {isa = PBXFileReference; lastKnownFileType = sourcecode.c.h; path = invalid_page_exception.h; sourceTree = "<group>"; };
		74D5A50B1C9DD9AF00FE1F47 /* invalid_record_exception.cpp */ = {isa = PBXFileReference; lastKnownFileType = sourcecode.cpp.cpp; path = invalid_record_exception.cpp; sourceTree = "<group>"; };
		74D5A50C1C9DD9AF00FE1F47 /* invalid_record_exception.h */ = {isa = PBXFileReference; lastKnownFileType = sourcecode.c.h; path = invalid_record_exception.h; sourceTree = "<group>"; };
		74D5A50D1C9DD9AF00FE1F47 /* invalid_slot_exception.cpp */ = {isa = PBXFileReference; lastKnownFileType = sourcecode.cpp.cpp; path = invalid_slot_exception.cpp; sourceTree = "<group>"; };
		74D5A50E1C9DD9AF00FE1F47 /* invalid_slot_exception.h */ = {isa = PBXFileReference; lastKnownFileType = sourcecode.c.h; path = invalid_slot_exception.h; sourceTree = "<group>"; };
		74D5A50F1C9DD9AF00FE1F47 /* page_not_pinned_exception.cpp */ = {isa = PBXFileReference; lastKnownFileType = sourcecode.cpp.cpp; path = page_not_pinned_exception.cpp; sourceTree = "<group>"; };
		74D5A5101C9DD9AF00FE1F47 /* page_not_pinned_exception.h */ = {isa = PBXFileReference; lastKnownFileType = sourcecode.c.h; path = page_not_pinned_exception.h; sourceTree = "<group>"; };
		74D5A5111C9DD9AF00FE1F47 /* page_pinned_exception.cpp */ = {isa = PBXFileReference; lastKnownFileType = sourcecode.cpp.cpp; path = page_pinned_exception.cpp; sourceTree = "<group>"; };
		74D5A5121C9DD9AF00FE1F47 /* page_pinned_exception.h */ = {isa = PBXFileReference; lastKnownFileType = sourcecode.c.h; path = page_pinned_exception.h; sourceTree = "<group>"; };
		74D5A5131C9DD9AF00FE1F47 /* slot_in_use_exception.cpp */ = {isa = PBXFileReference; lastKnownFileType = sourcecode.cpp.cpp; path = slot_in_use_exception.cpp; sourceTree = "<group>"; };
		74D5A5141C9DD9AF00FE1F47 /* slot_in_use_exception.h */ = {isa = PBXFileReference; lastKnownFileType = sourcecode.c.h; path = slot_in_use_exception.h; sourceTree = "<group>"; };
		74D5A5151C9DD9AF00FE1F47 /* file.cpp */ = {isa = PBXFileReference; lastKnownFileType = sourcecode.cpp.cpp; path = file.cpp; sourceTree = "<group>"; };
		74D5A5161C9DD9AF00FE1F47 /* file.h */ = {isa = PBXFileReference; lastKnownFileType = sourcecode.c.h; path = file.h; sourceTree = "<group>"; };
		74D5A5171C9DD9AF00FE1F47 /* file_iterator.h */ = {isa = PBXFileReference; lastKnownFileType = sourcecode.c.h; path = file_iterator.h; sourceTree = "<group>"; };
		74D5A5181C9DD9AF00FE1F47 /* main.cpp */ = {isa = PBXFileReference; lastKnownFileType = sourcecode.cpp.cpp; path = main.cpp; sourceTree = "<group>"; };
		74D5A5191C9DD9AF00FE1F47 /* main.hpp */ = {isa = PBXFileReference; lastKnownFileType = sourcecode.cpp.h; path = main.hpp; sourceTree = "<group>"; };
		74D5A51A1C9DD9AF00FE1F47 /* page.cpp */ = {isa = PBXFileReference; lastKnownFileType = sourcecode.cpp.cpp; path = page.cpp; sourceTree = "<group>"; };
		74D5A51B1C9DD9AF00FE1F47 /* page.h */ = {isa = PBXFileReference; lastKnownFileType = sourcecode.c.h; path = page.h; sourceTree = "<group>"; };
		74D5A51C1C9DD9AF00FE1F47 /* page_iterator.h */ = {isa = PBXFileReference; lastKnownFileType = sourcecode.c.h; path = page_iterator.h; sourceTree = "<group>"; };
		74D5A51D1C9DD9AF00FE1F47 /* types.h */ = {isa = PBXFileReference; lastKnownFileType = sourcecode.c.h; path = types.h; sourceTree = "<group>"; };
		74D5A51E1C9DE1F800FE1F47 /* BufDesc.cpp */ = {isa = PBXFileReference; fileEncoding = 4; lastKnownFileType = sourcecode.cpp.cpp; path = BufDesc.cpp; sourceTree = "<group>"; };
		74D5A51F1C9DE1F800FE1F47 /* BufDesc.hpp */ = {isa = PBXFileReference; fileEncoding = 4; lastKnownFileType = sourcecode.cpp.h; path = BufDesc.hpp; sourceTree = "<group>"; };
/* End PBXFileReference section */

/* Begin PBXFrameworksBuildPhase section */
		74D5A4E11C9DD93900FE1F47 /* Frameworks */ = {
			isa = PBXFrameworksBuildPhase;
			buildActionMask = 2147483647;
			files = (
			);
			runOnlyForDeploymentPostprocessing = 0;
		};
/* End PBXFrameworksBuildPhase section */

/* Begin PBXGroup section */
		74D5A4DB1C9DD93900FE1F47 = {
			isa = PBXGroup;
			children = (
				74D5A4E61C9DD93900FE1F47 /* dbP3 */,
				74D5A4E51C9DD93900FE1F47 /* Products */,
			);
			sourceTree = "<group>";
		};
		74D5A4E51C9DD93900FE1F47 /* Products */ = {
			isa = PBXGroup;
			children = (
				74D5A4E41C9DD93900FE1F47 /* dbP3 */,
			);
			name = Products;
			sourceTree = "<group>";
		};
		74D5A4E61C9DD93900FE1F47 /* dbP3 */ = {
			isa = PBXGroup;
			children = (
				74D5A4EE1C9DD9AF00FE1F47 /* src */,
			);
			path = dbP3;
			sourceTree = "<group>";
		};
		74D5A4EE1C9DD9AF00FE1F47 /* src */ = {
			isa = PBXGroup;
			children = (
				74D5A4F01C9DD9AF00FE1F47 /* buffer.h */,
				74D5A4EF1C9DD9AF00FE1F47 /* buffer.cpp */,
				74D5A4F21C9DD9AF00FE1F47 /* bufHashTbl.h */,
				74D5A4F11C9DD9AF00FE1F47 /* bufHashTbl.cpp */,
				74D5A51F1C9DE1F800FE1F47 /* BufDesc.hpp */,
				74D5A51E1C9DE1F800FE1F47 /* BufDesc.cpp */,
				74D5A5161C9DD9AF00FE1F47 /* file.h */,
				74D5A5151C9DD9AF00FE1F47 /* file.cpp */,
				74D5A5171C9DD9AF00FE1F47 /* file_iterator.h */,
				74D5A5191C9DD9AF00FE1F47 /* main.hpp */,
				74D5A5181C9DD9AF00FE1F47 /* main.cpp */,
				74D5A51B1C9DD9AF00FE1F47 /* page.h */,
				74D5A51A1C9DD9AF00FE1F47 /* page.cpp */,
				74D5A51C1C9DD9AF00FE1F47 /* page_iterator.h */,
				74D5A51D1C9DD9AF00FE1F47 /* types.h */,
				74D5A4F41C9DD9AF00FE1F47 /* exceptions */,
			);
			path = src;
			sourceTree = "<group>";
		};
		74D5A4F41C9DD9AF00FE1F47 /* exceptions */ = {
			isa = PBXGroup;
			children = (
				74D5A4F31C9DD9AF00FE1F47 /* Contributors */,
				74D5A4F51C9DD9AF00FE1F47 /* bad_buffer_exception.cpp */,
				74D5A4F61C9DD9AF00FE1F47 /* bad_buffer_exception.h */,
				74D5A4F71C9DD9AF00FE1F47 /* badgerdb_exception.cpp */,
				74D5A4F81C9DD9AF00FE1F47 /* badgerdb_exception.h */,
				74D5A4F91C9DD9AF00FE1F47 /* buffer_exceeded_exception.cpp */,
				74D5A4FA1C9DD9AF00FE1F47 /* buffer_exceeded_exception.h */,
				74D5A4FB1C9DD9AF00FE1F47 /* file_exists_exception.cpp */,
				74D5A4FC1C9DD9AF00FE1F47 /* file_exists_exception.h */,
				74D5A4FD1C9DD9AF00FE1F47 /* file_not_found_exception.cpp */,
				74D5A4FE1C9DD9AF00FE1F47 /* file_not_found_exception.h */,
				74D5A4FF1C9DD9AF00FE1F47 /* file_open_exception.cpp */,
				74D5A5001C9DD9AF00FE1F47 /* file_open_exception.h */,
				74D5A5011C9DD9AF00FE1F47 /* hash_already_present_exception.cpp */,
				74D5A5021C9DD9AF00FE1F47 /* hash_already_present_exception.h */,
				74D5A5031C9DD9AF00FE1F47 /* hash_not_found_exception.cpp */,
				74D5A5041C9DD9AF00FE1F47 /* hash_not_found_exception.h */,
				74D5A5051C9DD9AF00FE1F47 /* hash_table_exception.cpp */,
				74D5A5061C9DD9AF00FE1F47 /* hash_table_exception.h */,
				74D5A5071C9DD9AF00FE1F47 /* insufficient_space_exception.cpp */,
				74D5A5081C9DD9AF00FE1F47 /* insufficient_space_exception.h */,
				74D5A5091C9DD9AF00FE1F47 /* invalid_page_exception.cpp */,
				74D5A50A1C9DD9AF00FE1F47 /* invalid_page_exception.h */,
				74D5A50B1C9DD9AF00FE1F47 /* invalid_record_exception.cpp */,
				74D5A50C1C9DD9AF00FE1F47 /* invalid_record_exception.h */,
				74D5A50D1C9DD9AF00FE1F47 /* invalid_slot_exception.cpp */,
				74D5A50E1C9DD9AF00FE1F47 /* invalid_slot_exception.h */,
				74D5A50F1C9DD9AF00FE1F47 /* page_not_pinned_exception.cpp */,
				74D5A5101C9DD9AF00FE1F47 /* page_not_pinned_exception.h */,
				74D5A5111C9DD9AF00FE1F47 /* page_pinned_exception.cpp */,
				74D5A5121C9DD9AF00FE1F47 /* page_pinned_exception.h */,
				74D5A5131C9DD9AF00FE1F47 /* slot_in_use_exception.cpp */,
				74D5A5141C9DD9AF00FE1F47 /* slot_in_use_exception.h */,
			);
			path = exceptions;
			sourceTree = "<group>";
		};
/* End PBXGroup section */

/* Begin PBXNativeTarget section */
		74D5A4E31C9DD93900FE1F47 /* dbP3 */ = {
			isa = PBXNativeTarget;
			buildConfigurationList = 74D5A4EB1C9DD93900FE1F47 /* Build configuration list for PBXNativeTarget "dbP3" */;
			buildPhases = (
				74D5A4E01C9DD93900FE1F47 /* Sources */,
				74D5A4E11C9DD93900FE1F47 /* Frameworks */,
				74D5A4E21C9DD93900FE1F47 /* CopyFiles */,
			);
			buildRules = (
			);
			dependencies = (
			);
			name = dbP3;
			productName = dbP3;
			productReference = 74D5A4E41C9DD93900FE1F47 /* dbP3 */;
			productType = "com.apple.product-type.tool";
		};
/* End PBXNativeTarget section */

/* Begin PBXProject section */
		74D5A4DC1C9DD93900FE1F47 /* Project object */ = {
			isa = PBXProject;
			attributes = {
				LastUpgradeCheck = 0710;
				ORGANIZATIONNAME = BDM;
				TargetAttributes = {
					74D5A4E31C9DD93900FE1F47 = {
						CreatedOnToolsVersion = 7.1;
					};
				};
			};
			buildConfigurationList = 74D5A4DF1C9DD93900FE1F47 /* Build configuration list for PBXProject "dbP3" */;
			compatibilityVersion = "Xcode 3.2";
			developmentRegion = English;
			hasScannedForEncodings = 0;
			knownRegions = (
				en,
			);
			mainGroup = 74D5A4DB1C9DD93900FE1F47;
			productRefGroup = 74D5A4E51C9DD93900FE1F47 /* Products */;
			projectDirPath = "";
			projectRoot = "";
			targets = (
				74D5A4E31C9DD93900FE1F47 /* dbP3 */,
			);
		};
/* End PBXProject section */

/* Begin PBXSourcesBuildPhase section */
		74D5A4E01C9DD93900FE1F47 /* Sources */ = {
			isa = PBXSourcesBuildPhase;
			buildActionMask = 2147483647;
			files = (
				74D5A5201C9DE1F800FE1F47 /* BufDesc.cpp in Sources */,
			);
			runOnlyForDeploymentPostprocessing = 0;
		};
/* End PBXSourcesBuildPhase section */

/* Begin XCBuildConfiguration section */
		74D5A4E91C9DD93900FE1F47 /* Debug */ = {
			isa = XCBuildConfiguration;
			buildSettings = {
				ALWAYS_SEARCH_USER_PATHS = NO;
				CLANG_CXX_LANGUAGE_STANDARD = "gnu++0x";
				CLANG_CXX_LIBRARY = "libc++";
				CLANG_ENABLE_MODULES = YES;
				CLANG_ENABLE_OBJC_ARC = YES;
				CLANG_WARN_BOOL_CONVERSION = YES;
				CLANG_WARN_CONSTANT_CONVERSION = YES;
				CLANG_WARN_DIRECT_OBJC_ISA_USAGE = YES_ERROR;
				CLANG_WARN_EMPTY_BODY = YES;
				CLANG_WARN_ENUM_CONVERSION = YES;
				CLANG_WARN_INT_CONVERSION = YES;
				CLANG_WARN_OBJC_ROOT_CLASS = YES_ERROR;
				CLANG_WARN_UNREACHABLE_CODE = YES;
				CLANG_WARN__DUPLICATE_METHOD_MATCH = YES;
				CODE_SIGN_IDENTITY = "-";
				COPY_PHASE_STRIP = NO;
				DEBUG_INFORMATION_FORMAT = dwarf;
				ENABLE_STRICT_OBJC_MSGSEND = YES;
				ENABLE_TESTABILITY = YES;
				GCC_C_LANGUAGE_STANDARD = gnu99;
				GCC_DYNAMIC_NO_PIC = NO;
				GCC_NO_COMMON_BLOCKS = YES;
				GCC_OPTIMIZATION_LEVEL = 0;
				GCC_PREPROCESSOR_DEFINITIONS = (
					"DEBUG=1",
					"$(inherited)",
				);
				GCC_WARN_64_TO_32_BIT_CONVERSION = YES;
				GCC_WARN_ABOUT_RETURN_TYPE = YES_ERROR;
				GCC_WARN_UNDECLARED_SELECTOR = YES;
				GCC_WARN_UNINITIALIZED_AUTOS = YES_AGGRESSIVE;
				GCC_WARN_UNUSED_FUNCTION = YES;
				GCC_WARN_UNUSED_VARIABLE = YES;
				MACOSX_DEPLOYMENT_TARGET = 10.11;
				MTL_ENABLE_DEBUG_INFO = YES;
				ONLY_ACTIVE_ARCH = YES;
				SDKROOT = macosx;
			};
			name = Debug;
		};
		74D5A4EA1C9DD93900FE1F47 /* Release */ = {
			isa = XCBuildConfiguration;
			buildSettings = {
				ALWAYS_SEARCH_USER_PATHS = NO;
				CLANG_CXX_LANGUAGE_STANDARD = "gnu++0x";
				CLANG_CXX_LIBRARY = "libc++";
				CLANG_ENABLE_MODULES = YES;
				CLANG_ENABLE_OBJC_ARC = YES;
				CLANG_WARN_BOOL_CONVERSION = YES;
				CLANG_WARN_CONSTANT_CONVERSION = YES;
				CLANG_WARN_DIRECT_OBJC_ISA_USAGE = YES_ERROR;
				CLANG_WARN_EMPTY_BODY = YES;
				CLANG_WARN_ENUM_CONVERSION = YES;
				CLANG_WARN_INT_CONVERSION = YES;
				CLANG_WARN_OBJC_ROOT_CLASS = YES_ERROR;
				CLANG_WARN_UNREACHABLE_CODE = YES;
				CLANG_WARN__DUPLICATE_METHOD_MATCH = YES;
				CODE_SIGN_IDENTITY = "-";
				COPY_PHASE_STRIP = NO;
				DEBUG_INFORMATION_FORMAT = "dwarf-with-dsym";
				ENABLE_NS_ASSERTIONS = NO;
				ENABLE_STRICT_OBJC_MSGSEND = YES;
				GCC_C_LANGUAGE_STANDARD = gnu99;
				GCC_NO_COMMON_BLOCKS = YES;
				GCC_WARN_64_TO_32_BIT_CONVERSION = YES;
				GCC_WARN_ABOUT_RETURN_TYPE = YES_ERROR;
				GCC_WARN_UNDECLARED_SELECTOR = YES;
				GCC_WARN_UNINITIALIZED_AUTOS = YES_AGGRESSIVE;
				GCC_WARN_UNUSED_FUNCTION = YES;
				GCC_WARN_UNUSED_VARIABLE = YES;
				MACOSX_DEPLOYMENT_TARGET = 10.11;
				MTL_ENABLE_DEBUG_INFO = NO;
				SDKROOT = macosx;
			};
			name = Release;
		};
		74D5A4EC1C9DD93900FE1F47 /* Debug */ = {
			isa = XCBuildConfiguration;
			buildSettings = {
				PRODUCT_NAME = "$(TARGET_NAME)";
			};
			name = Debug;
		};
		74D5A4ED1C9DD93900FE1F47 /* Release */ = {
			isa = XCBuildConfiguration;
			buildSettings = {
				PRODUCT_NAME = "$(TARGET_NAME)";
			};
			name = Release;
		};
/* End XCBuildConfiguration section */

/* Begin XCConfigurationList section */
		74D5A4DF1C9DD93900FE1F47 /* Build configuration list for PBXProject "dbP3" */ = {
			isa = XCConfigurationList;
			buildConfigurations = (
				74D5A4E91C9DD93900FE1F47 /* Debug */,
				74D5A4EA1C9DD93900FE1F47 /* Release */,
			);
			defaultConfigurationIsVisible = 0;
			defaultConfigurationName = Release;
		};
		74D5A4EB1C9DD93900FE1F47 /* Build configuration list for PBXNativeTarget "dbP3" */ = {
			isa = XCConfigurationList;
			buildConfigurations = (
				74D5A4EC1C9DD93900FE1F47 /* Debug */,
				74D5A4ED1C9DD93900FE1F47 /* Release */,
			);
			defaultConfigurationIsVisible = 0;
			defaultConfigurationName = Release;
		};
/* End XCConfigurationList section */
	};
	rootObject = 74D5A4DC1C9DD93900FE1F47 /* Project object */;
}
